
Microsoft Visual Studio Solution File, Format Version 12.00
# Visual Studio Version 16
VisualStudioVersion = 16.0.30717.126
MinimumVisualStudioVersion = 10.0.40219.1
Project("{FAE04EC0-301F-11D3-BF4B-00C04F79EFBC}") = "FinalProject", "FinalProject\FinalProject.csproj", "{F997D683-097F-40AF-83AD-4787A5CDC28C}"
EndProject
Global
	GlobalSection(SolutionConfigurationPlatforms) = preSolution
		Debug|Any CPU = Debug|Any CPU
		Release|Any CPU = Release|Any CPU
	EndGlobalSection
	GlobalSection(ProjectConfigurationPlatforms) = postSolution
		{F997D683-097F-40AF-83AD-4787A5CDC28C}.Debug|Any CPU.ActiveCfg = Debug|Any CPU
		{F997D683-097F-40AF-83AD-4787A5CDC28C}.Debug|Any CPU.Build.0 = Debug|Any CPU
		{F997D683-097F-40AF-83AD-4787A5CDC28C}.Release|Any CPU.ActiveCfg = Release|Any CPU
		{F997D683-097F-40AF-83AD-4787A5CDC28C}.Release|Any CPU.Build.0 = Release|Any CPU
	EndGlobalSection
	GlobalSection(SolutionProperties) = preSolution
		HideSolutionNode = FALSE
	EndGlobalSection
	GlobalSection(ExtensibilityGlobals) = postSolution
		SolutionGuid = {206B3B6D-2492-4349-B19C-E59402BBCF2B}
	EndGlobalSection
EndGlobal
